// !$*UTF8*$!
{
	archiveVersion = 1;
	classes = {
	};
	objectVersion = 55;
	objects = {

/* Begin PBXBuildFile section */
		290036A9271449E4002678FB /* AppDelegate.swift in Sources */ = {isa = PBXBuildFile; fileRef = 29003694271449E4002678FB /* AppDelegate.swift */; };
		290036AB271449E4002678FB /* SceneDelegate.swift in Sources */ = {isa = PBXBuildFile; fileRef = 29003696271449E4002678FB /* SceneDelegate.swift */; };
		290036AC271449E4002678FB /* AppStrings.swift in Sources */ = {isa = PBXBuildFile; fileRef = 29003698271449E4002678FB /* AppStrings.swift */; };
		290036AD271449E4002678FB /* GameConfig.swift in Sources */ = {isa = PBXBuildFile; fileRef = 2900369A271449E4002678FB /* GameConfig.swift */; };
		290036AE271449E4002678FB /* ConnectFour.swift in Sources */ = {isa = PBXBuildFile; fileRef = 2900369B271449E4002678FB /* ConnectFour.swift */; };
		290036AF271449E4002678FB /* Player.swift in Sources */ = {isa = PBXBuildFile; fileRef = 2900369C271449E4002678FB /* Player.swift */; };
		290036B0271449E4002678FB /* EditPlayerTableViewCell.swift in Sources */ = {isa = PBXBuildFile; fileRef = 2900369E271449E4002678FB /* EditPlayerTableViewCell.swift */; };
		290036B1271449E4002678FB /* UIColor+Hex.swift in Sources */ = {isa = PBXBuildFile; fileRef = 290036A0271449E4002678FB /* UIColor+Hex.swift */; };
		290036B2271449E4002678FB /* UIViewController+ChildViewController.swift in Sources */ = {isa = PBXBuildFile; fileRef = 290036A1271449E4002678FB /* UIViewController+ChildViewController.swift */; };
		290036B3271449E4002678FB /* UIViewController+Alert.swift in Sources */ = {isa = PBXBuildFile; fileRef = 290036A2271449E4002678FB /* UIViewController+Alert.swift */; };
		290036B4271449E4002678FB /* UserDefaults+ObjectOperations.swift in Sources */ = {isa = PBXBuildFile; fileRef = 290036A3271449E4002678FB /* UserDefaults+ObjectOperations.swift */; };
		290036B5271449E4002678FB /* Collection+ElementOperation.swift in Sources */ = {isa = PBXBuildFile; fileRef = 290036A4271449E4002678FB /* Collection+ElementOperation.swift */; };
		290036B6271449E4002678FB /* EditPlayerTableViewController.swift in Sources */ = {isa = PBXBuildFile; fileRef = 290036A6271449E4002678FB /* EditPlayerTableViewController.swift */; };
		290036B7271449E4002678FB /* ConnectFourViewController+GameState.swift in Sources */ = {isa = PBXBuildFile; fileRef = 290036A7271449E4002678FB /* ConnectFourViewController+GameState.swift */; };
		290036B8271449E4002678FB /* ConnectFourViewController.swift in Sources */ = {isa = PBXBuildFile; fileRef = 290036A8271449E4002678FB /* ConnectFourViewController.swift */; };
		2946FDA727149184007E7076 /* AutoLayoutLandscape.jpg in Resources */ = {isa = PBXBuildFile; fileRef = 2946FDA527149184007E7076 /* AutoLayoutLandscape.jpg */; };
		2946FDAA2714930D007E7076 /* AutoLayoutPortrait.jpg in Resources */ = {isa = PBXBuildFile; fileRef = 2946FDA92714930D007E7076 /* AutoLayoutPortrait.jpg */; };
		29B511C727143288003E83DD /* ConnectFourTests.swift in Sources */ = {isa = PBXBuildFile; fileRef = 29B511C627143288003E83DD /* ConnectFourTests.swift */; };
		29B511E127143387003E83DD /* LICENSE in Resources */ = {isa = PBXBuildFile; fileRef = 29B511DF27143386003E83DD /* LICENSE */; };
		29B511E227143387003E83DD /* README.md in Resources */ = {isa = PBXBuildFile; fileRef = 29B511E027143386003E83DD /* README.md */; };
		29B511E927144767003E83DD /* Assets.xcassets in Resources */ = {isa = PBXBuildFile; fileRef = 29B511E427144767003E83DD /* Assets.xcassets */; };
		29B511EA27144767003E83DD /* LaunchScreen.storyboard in Resources */ = {isa = PBXBuildFile; fileRef = 29B511E527144767003E83DD /* LaunchScreen.storyboard */; };
		29B511EB27144767003E83DD /* Main.storyboard in Resources */ = {isa = PBXBuildFile; fileRef = 29B511E727144767003E83DD /* Main.storyboard */; };
/* End PBXBuildFile section */

/* Begin PBXContainerItemProxy section */
		29B511C327143288003E83DD /* PBXContainerItemProxy */ = {
			isa = PBXContainerItemProxy;
			containerPortal = 29B511A427143287003E83DD /* Project object */;
			proxyType = 1;
			remoteGlobalIDString = 29B511AB27143287003E83DD;
			remoteInfo = ConnectFour;
		};
/* End PBXContainerItemProxy section */

/* Begin PBXFileReference section */
		29003694271449E4002678FB /* AppDelegate.swift */ = {isa = PBXFileReference; fileEncoding = 4; lastKnownFileType = sourcecode.swift; path = AppDelegate.swift; sourceTree = "<group>"; };
		29003695271449E4002678FB /* Info.plist */ = {isa = PBXFileReference; fileEncoding = 4; lastKnownFileType = text.plist.xml; path = Info.plist; sourceTree = "<group>"; };
		29003696271449E4002678FB /* SceneDelegate.swift */ = {isa = PBXFileReference; fileEncoding = 4; lastKnownFileType = sourcecode.swift; path = SceneDelegate.swift; sourceTree = "<group>"; };
		29003698271449E4002678FB /* AppStrings.swift */ = {isa = PBXFileReference; fileEncoding = 4; lastKnownFileType = sourcecode.swift; path = AppStrings.swift; sourceTree = "<group>"; };
		2900369A271449E4002678FB /* GameConfig.swift */ = {isa = PBXFileReference; fileEncoding = 4; lastKnownFileType = sourcecode.swift; path = GameConfig.swift; sourceTree = "<group>"; };
		2900369B271449E4002678FB /* ConnectFour.swift */ = {isa = PBXFileReference; fileEncoding = 4; lastKnownFileType = sourcecode.swift; path = ConnectFour.swift; sourceTree = "<group>"; };
		2900369C271449E4002678FB /* Player.swift */ = {isa = PBXFileReference; fileEncoding = 4; lastKnownFileType = sourcecode.swift; path = Player.swift; sourceTree = "<group>"; };
		2900369E271449E4002678FB /* EditPlayerTableViewCell.swift */ = {isa = PBXFileReference; fileEncoding = 4; lastKnownFileType = sourcecode.swift; path = EditPlayerTableViewCell.swift; sourceTree = "<group>"; };
		290036A0271449E4002678FB /* UIColor+Hex.swift */ = {isa = PBXFileReference; fileEncoding = 4; lastKnownFileType = sourcecode.swift; path = "UIColor+Hex.swift"; sourceTree = "<group>"; };
		290036A1271449E4002678FB /* UIViewController+ChildViewController.swift */ = {isa = PBXFileReference; fileEncoding = 4; lastKnownFileType = sourcecode.swift; path = "UIViewController+ChildViewController.swift"; sourceTree = "<group>"; };
		290036A2271449E4002678FB /* UIViewController+Alert.swift */ = {isa = PBXFileReference; fileEncoding = 4; lastKnownFileType = sourcecode.swift; path = "UIViewController+Alert.swift"; sourceTree = "<group>"; };
		290036A3271449E4002678FB /* UserDefaults+ObjectOperations.swift */ = {isa = PBXFileReference; fileEncoding = 4; lastKnownFileType = sourcecode.swift; path = "UserDefaults+ObjectOperations.swift"; sourceTree = "<group>"; };
		290036A4271449E4002678FB /* Collection+ElementOperation.swift */ = {isa = PBXFileReference; fileEncoding = 4; lastKnownFileType = sourcecode.swift; path = "Collection+ElementOperation.swift"; sourceTree = "<group>"; };
		290036A6271449E4002678FB /* EditPlayerTableViewController.swift */ = {isa = PBXFileReference; fileEncoding = 4; lastKnownFileType = sourcecode.swift; path = EditPlayerTableViewController.swift; sourceTree = "<group>"; };
		290036A7271449E4002678FB /* ConnectFourViewController+GameState.swift */ = {isa = PBXFileReference; fileEncoding = 4; lastKnownFileType = sourcecode.swift; path = "ConnectFourViewController+GameState.swift"; sourceTree = "<group>"; };
		290036A8271449E4002678FB /* ConnectFourViewController.swift */ = {isa = PBXFileReference; fileEncoding = 4; lastKnownFileType = sourcecode.swift; path = ConnectFourViewController.swift; sourceTree = "<group>"; };
		2946FDA527149184007E7076 /* AutoLayoutLandscape.jpg */ = {isa = PBXFileReference; lastKnownFileType = image.jpeg; path = AutoLayoutLandscape.jpg; sourceTree = "<group>"; };
		2946FDA92714930D007E7076 /* AutoLayoutPortrait.jpg */ = {isa = PBXFileReference; lastKnownFileType = image.jpeg; path = AutoLayoutPortrait.jpg; sourceTree = "<group>"; };
		29B511AC27143287003E83DD /* ConnectFour.app */ = {isa = PBXFileReference; explicitFileType = wrapper.application; includeInIndex = 0; path = ConnectFour.app; sourceTree = BUILT_PRODUCTS_DIR; };
		29B511C227143288003E83DD /* ConnectFourTests.xctest */ = {isa = PBXFileReference; explicitFileType = wrapper.cfbundle; includeInIndex = 0; path = ConnectFourTests.xctest; sourceTree = BUILT_PRODUCTS_DIR; };
		29B511C627143288003E83DD /* ConnectFourTests.swift */ = {isa = PBXFileReference; lastKnownFileType = sourcecode.swift; path = ConnectFourTests.swift; sourceTree = "<group>"; };
		29B511DF27143386003E83DD /* LICENSE */ = {isa = PBXFileReference; fileEncoding = 4; lastKnownFileType = text; path = LICENSE; sourceTree = SOURCE_ROOT; };
		29B511E027143386003E83DD /* README.md */ = {isa = PBXFileReference; fileEncoding = 4; lastKnownFileType = net.daringfireball.markdown; path = README.md; sourceTree = SOURCE_ROOT; };
		29B511E427144767003E83DD /* Assets.xcassets */ = {isa = PBXFileReference; lastKnownFileType = folder.assetcatalog; path = Assets.xcassets; sourceTree = "<group>"; };
		29B511E627144767003E83DD /* Base */ = {isa = PBXFileReference; lastKnownFileType = file.storyboard; name = Base; path = Base.lproj/LaunchScreen.storyboard; sourceTree = "<group>"; };
		29B511E727144767003E83DD /* Main.storyboard */ = {isa = PBXFileReference; fileEncoding = 4; lastKnownFileType = file.storyboard; path = Main.storyboard; sourceTree = "<group>"; };
/* End PBXFileReference section */

/* Begin PBXFrameworksBuildPhase section */
		29B511A927143287003E83DD /* Frameworks */ = {
			isa = PBXFrameworksBuildPhase;
			buildActionMask = 2147483647;
			files = (
			);
			runOnlyForDeploymentPostprocessing = 0;
		};
		29B511BF27143288003E83DD /* Frameworks */ = {
			isa = PBXFrameworksBuildPhase;
			buildActionMask = 2147483647;
			files = (
			);
			runOnlyForDeploymentPostprocessing = 0;
		};
/* End PBXFrameworksBuildPhase section */

/* Begin PBXGroup section */
		29003693271449E4002678FB /* Supporting Files */ = {
			isa = PBXGroup;
			children = (
				29003694271449E4002678FB /* AppDelegate.swift */,
				29003695271449E4002678FB /* Info.plist */,
				29003696271449E4002678FB /* SceneDelegate.swift */,
			);
			path = "Supporting Files";
			sourceTree = "<group>";
		};
		29003697271449E4002678FB /* Helper */ = {
			isa = PBXGroup;
			children = (
				29003698271449E4002678FB /* AppStrings.swift */,
			);
			path = Helper;
			sourceTree = "<group>";
		};
		29003699271449E4002678FB /* Models */ = {
			isa = PBXGroup;
			children = (
				2900369A271449E4002678FB /* GameConfig.swift */,
				2900369B271449E4002678FB /* ConnectFour.swift */,
				2900369C271449E4002678FB /* Player.swift */,
			);
			path = Models;
			sourceTree = "<group>";
		};
		2900369D271449E4002678FB /* Cells */ = {
			isa = PBXGroup;
			children = (
				2900369E271449E4002678FB /* EditPlayerTableViewCell.swift */,
			);
			path = Cells;
			sourceTree = "<group>";
		};
		2900369F271449E4002678FB /* Extensions */ = {
			isa = PBXGroup;
			children = (
				290036A0271449E4002678FB /* UIColor+Hex.swift */,
				290036A1271449E4002678FB /* UIViewController+ChildViewController.swift */,
				290036A2271449E4002678FB /* UIViewController+Alert.swift */,
				290036A3271449E4002678FB /* UserDefaults+ObjectOperations.swift */,
				290036A4271449E4002678FB /* Collection+ElementOperation.swift */,
			);
			path = Extensions;
			sourceTree = "<group>";
		};
		290036A5271449E4002678FB /* Scenes */ = {
			isa = PBXGroup;
			children = (
				290036A6271449E4002678FB /* EditPlayerTableViewController.swift */,
				290036A7271449E4002678FB /* ConnectFourViewController+GameState.swift */,
				290036A8271449E4002678FB /* ConnectFourViewController.swift */,
			);
			path = Scenes;
			sourceTree = "<group>";
		};
		2946FDA42714916D007E7076 /* ReadMeImages */ = {
			isa = PBXGroup;
			children = (
				2946FDA527149184007E7076 /* AutoLayoutLandscape.jpg */,
				2946FDA92714930D007E7076 /* AutoLayoutPortrait.jpg */,
			);
			path = ReadMeImages;
			sourceTree = "<group>";
		};
		29B511A327143287003E83DD = {
			isa = PBXGroup;
			children = (
				29B511AE27143287003E83DD /* ConnectFour */,
				29B511C527143288003E83DD /* ConnectFourTests */,
				29B511AD27143287003E83DD /* Products */,
			);
			sourceTree = "<group>";
		};
		29B511AD27143287003E83DD /* Products */ = {
			isa = PBXGroup;
			children = (
				29B511AC27143287003E83DD /* ConnectFour.app */,
				29B511C227143288003E83DD /* ConnectFourTests.xctest */,
			);
			name = Products;
			sourceTree = "<group>";
		};
		29B511AE27143287003E83DD /* ConnectFour */ = {
			isa = PBXGroup;
			children = (
				2900369D271449E4002678FB /* Cells */,
				2900369F271449E4002678FB /* Extensions */,
				29003697271449E4002678FB /* Helper */,
				29003699271449E4002678FB /* Models */,
				290036A5271449E4002678FB /* Scenes */,
				29003693271449E4002678FB /* Supporting Files */,
				29B511E327144767003E83DD /* Resources */,
				29B511DF27143386003E83DD /* LICENSE */,
				29B511E027143386003E83DD /* README.md */,
			);
			path = ConnectFour;
			sourceTree = "<group>";
		};
		29B511C527143288003E83DD /* ConnectFourTests */ = {
			isa = PBXGroup;
			children = (
				29B511C627143288003E83DD /* ConnectFourTests.swift */,
			);
			path = ConnectFourTests;
			sourceTree = "<group>";
		};
		29B511E327144767003E83DD /* Resources */ = {
			isa = PBXGroup;
			children = (
				2946FDA42714916D007E7076 /* ReadMeImages */,
				29B511E427144767003E83DD /* Assets.xcassets */,
				29B511E527144767003E83DD /* LaunchScreen.storyboard */,
				29B511E727144767003E83DD /* Main.storyboard */,
			);
			path = Resources;
			sourceTree = "<group>";
		};
/* End PBXGroup section */

/* Begin PBXNativeTarget section */
		29B511AB27143287003E83DD /* ConnectFour */ = {
			isa = PBXNativeTarget;
			buildConfigurationList = 29B511D627143288003E83DD /* Build configuration list for PBXNativeTarget "ConnectFour" */;
			buildPhases = (
				29B511A827143287003E83DD /* Sources */,
				29B511A927143287003E83DD /* Frameworks */,
				29B511AA27143287003E83DD /* Resources */,
			);
			buildRules = (
			);
			dependencies = (
			);
			name = ConnectFour;
			productName = ConnectFour;
			productReference = 29B511AC27143287003E83DD /* ConnectFour.app */;
			productType = "com.apple.product-type.application";
		};
		29B511C127143288003E83DD /* ConnectFourTests */ = {
			isa = PBXNativeTarget;
			buildConfigurationList = 29B511D927143288003E83DD /* Build configuration list for PBXNativeTarget "ConnectFourTests" */;
			buildPhases = (
				29B511BE27143288003E83DD /* Sources */,
				29B511BF27143288003E83DD /* Frameworks */,
				29B511C027143288003E83DD /* Resources */,
			);
			buildRules = (
			);
			dependencies = (
				29B511C427143288003E83DD /* PBXTargetDependency */,
			);
			name = ConnectFourTests;
			productName = ConnectFourTests;
			productReference = 29B511C227143288003E83DD /* ConnectFourTests.xctest */;
			productType = "com.apple.product-type.bundle.unit-test";
		};
/* End PBXNativeTarget section */

/* Begin PBXProject section */
		29B511A427143287003E83DD /* Project object */ = {
			isa = PBXProject;
			attributes = {
				BuildIndependentTargetsInParallel = 1;
				LastSwiftUpdateCheck = 1300;
				LastUpgradeCheck = 1300;
				TargetAttributes = {
					29B511AB27143287003E83DD = {
						CreatedOnToolsVersion = 13.0;
					};
					29B511C127143288003E83DD = {
						CreatedOnToolsVersion = 13.0;
						TestTargetID = 29B511AB27143287003E83DD;
					};
				};
			};
			buildConfigurationList = 29B511A727143287003E83DD /* Build configuration list for PBXProject "ConnectFour" */;
			compatibilityVersion = "Xcode 13.0";
			developmentRegion = en;
			hasScannedForEncodings = 0;
			knownRegions = (
				en,
				Base,
			);
			mainGroup = 29B511A327143287003E83DD;
			productRefGroup = 29B511AD27143287003E83DD /* Products */;
			projectDirPath = "";
			projectRoot = "";
			targets = (
				29B511AB27143287003E83DD /* ConnectFour */,
				29B511C127143288003E83DD /* ConnectFourTests */,
			);
		};
/* End PBXProject section */

/* Begin PBXResourcesBuildPhase section */
		29B511AA27143287003E83DD /* Resources */ = {
			isa = PBXResourcesBuildPhase;
			buildActionMask = 2147483647;
			files = (
				2946FDA727149184007E7076 /* AutoLayoutLandscape.jpg in Resources */,
				29B511E227143387003E83DD /* README.md in Resources */,
				29B511EB27144767003E83DD /* Main.storyboard in Resources */,
				2946FDAA2714930D007E7076 /* AutoLayoutPortrait.jpg in Resources */,
				29B511E127143387003E83DD /* LICENSE in Resources */,
				29B511EA27144767003E83DD /* LaunchScreen.storyboard in Resources */,
				29B511E927144767003E83DD /* Assets.xcassets in Resources */,
			);
			runOnlyForDeploymentPostprocessing = 0;
		};
		29B511C027143288003E83DD /* Resources */ = {
			isa = PBXResourcesBuildPhase;
			buildActionMask = 2147483647;
			files = (
			);
			runOnlyForDeploymentPostprocessing = 0;
		};
/* End PBXResourcesBuildPhase section */

/* Begin PBXSourcesBuildPhase section */
		29B511A827143287003E83DD /* Sources */ = {
			isa = PBXSourcesBuildPhase;
			buildActionMask = 2147483647;
			files = (
				290036B2271449E4002678FB /* UIViewController+ChildViewController.swift in Sources */,
				290036AC271449E4002678FB /* AppStrings.swift in Sources */,
				290036B7271449E4002678FB /* ConnectFourViewController+GameState.swift in Sources */,
				290036AB271449E4002678FB /* SceneDelegate.swift in Sources */,
				290036B3271449E4002678FB /* UIViewController+Alert.swift in Sources */,
				290036AE271449E4002678FB /* ConnectFour.swift in Sources */,
				290036AD271449E4002678FB /* GameConfig.swift in Sources */,
				290036B8271449E4002678FB /* ConnectFourViewController.swift in Sources */,
				290036A9271449E4002678FB /* AppDelegate.swift in Sources */,
				290036B1271449E4002678FB /* UIColor+Hex.swift in Sources */,
				290036B6271449E4002678FB /* EditPlayerTableViewController.swift in Sources */,
				290036B0271449E4002678FB /* EditPlayerTableViewCell.swift in Sources */,
				290036B5271449E4002678FB /* Collection+ElementOperation.swift in Sources */,
				290036AF271449E4002678FB /* Player.swift in Sources */,
				290036B4271449E4002678FB /* UserDefaults+ObjectOperations.swift in Sources */,
			);
			runOnlyForDeploymentPostprocessing = 0;
		};
		29B511BE27143288003E83DD /* Sources */ = {
			isa = PBXSourcesBuildPhase;
			buildActionMask = 2147483647;
			files = (
				29B511C727143288003E83DD /* ConnectFourTests.swift in Sources */,
			);
			runOnlyForDeploymentPostprocessing = 0;
		};
/* End PBXSourcesBuildPhase section */

/* Begin PBXTargetDependency section */
		29B511C427143288003E83DD /* PBXTargetDependency */ = {
			isa = PBXTargetDependency;
			target = 29B511AB27143287003E83DD /* ConnectFour */;
			targetProxy = 29B511C327143288003E83DD /* PBXContainerItemProxy */;
		};
/* End PBXTargetDependency section */

/* Begin PBXVariantGroup section */
		29B511E527144767003E83DD /* LaunchScreen.storyboard */ = {
			isa = PBXVariantGroup;
			children = (
				29B511E627144767003E83DD /* Base */,
			);
			name = LaunchScreen.storyboard;
			sourceTree = "<group>";
		};
/* End PBXVariantGroup section */

/* Begin XCBuildConfiguration section */
		29B511D427143288003E83DD /* Debug */ = {
			isa = XCBuildConfiguration;
			buildSettings = {
				ALWAYS_SEARCH_USER_PATHS = NO;
				CLANG_ANALYZER_NONNULL = YES;
				CLANG_ANALYZER_NUMBER_OBJECT_CONVERSION = YES_AGGRESSIVE;
				CLANG_CXX_LANGUAGE_STANDARD = "gnu++17";
				CLANG_CXX_LIBRARY = "libc++";
				CLANG_ENABLE_MODULES = YES;
				CLANG_ENABLE_OBJC_ARC = YES;
				CLANG_ENABLE_OBJC_WEAK = YES;
				CLANG_WARN_BLOCK_CAPTURE_AUTORELEASING = YES;
				CLANG_WARN_BOOL_CONVERSION = YES;
				CLANG_WARN_COMMA = YES;
				CLANG_WARN_CONSTANT_CONVERSION = YES;
				CLANG_WARN_DEPRECATED_OBJC_IMPLEMENTATIONS = YES;
				CLANG_WARN_DIRECT_OBJC_ISA_USAGE = YES_ERROR;
				CLANG_WARN_DOCUMENTATION_COMMENTS = YES;
				CLANG_WARN_EMPTY_BODY = YES;
				CLANG_WARN_ENUM_CONVERSION = YES;
				CLANG_WARN_INFINITE_RECURSION = YES;
				CLANG_WARN_INT_CONVERSION = YES;
				CLANG_WARN_NON_LITERAL_NULL_CONVERSION = YES;
				CLANG_WARN_OBJC_IMPLICIT_RETAIN_SELF = YES;
				CLANG_WARN_OBJC_LITERAL_CONVERSION = YES;
				CLANG_WARN_OBJC_ROOT_CLASS = YES_ERROR;
				CLANG_WARN_QUOTED_INCLUDE_IN_FRAMEWORK_HEADER = YES;
				CLANG_WARN_RANGE_LOOP_ANALYSIS = YES;
				CLANG_WARN_STRICT_PROTOTYPES = YES;
				CLANG_WARN_SUSPICIOUS_MOVE = YES;
				CLANG_WARN_UNGUARDED_AVAILABILITY = YES_AGGRESSIVE;
				CLANG_WARN_UNREACHABLE_CODE = YES;
				CLANG_WARN__DUPLICATE_METHOD_MATCH = YES;
				COPY_PHASE_STRIP = NO;
				DEBUG_INFORMATION_FORMAT = dwarf;
				ENABLE_STRICT_OBJC_MSGSEND = YES;
				ENABLE_TESTABILITY = YES;
				GCC_C_LANGUAGE_STANDARD = gnu11;
				GCC_DYNAMIC_NO_PIC = NO;
				GCC_NO_COMMON_BLOCKS = YES;
				GCC_OPTIMIZATION_LEVEL = 0;
				GCC_PREPROCESSOR_DEFINITIONS = (
					"DEBUG=1",
					"$(inherited)",
				);
				GCC_WARN_64_TO_32_BIT_CONVERSION = YES;
				GCC_WARN_ABOUT_RETURN_TYPE = YES_ERROR;
				GCC_WARN_UNDECLARED_SELECTOR = YES;
				GCC_WARN_UNINITIALIZED_AUTOS = YES_AGGRESSIVE;
				GCC_WARN_UNUSED_FUNCTION = YES;
				GCC_WARN_UNUSED_VARIABLE = YES;
				IPHONEOS_DEPLOYMENT_TARGET = 15.0;
				MTL_ENABLE_DEBUG_INFO = INCLUDE_SOURCE;
				MTL_FAST_MATH = YES;
				ONLY_ACTIVE_ARCH = YES;
				SDKROOT = iphoneos;
				SWIFT_ACTIVE_COMPILATION_CONDITIONS = DEBUG;
				SWIFT_OPTIMIZATION_LEVEL = "-Onone";
			};
			name = Debug;
		};
		29B511D527143288003E83DD /* Release */ = {
			isa = XCBuildConfiguration;
			buildSettings = {
				ALWAYS_SEARCH_USER_PATHS = NO;
				CLANG_ANALYZER_NONNULL = YES;
				CLANG_ANALYZER_NUMBER_OBJECT_CONVERSION = YES_AGGRESSIVE;
				CLANG_CXX_LANGUAGE_STANDARD = "gnu++17";
				CLANG_CXX_LIBRARY = "libc++";
				CLANG_ENABLE_MODULES = YES;
				CLANG_ENABLE_OBJC_ARC = YES;
				CLANG_ENABLE_OBJC_WEAK = YES;
				CLANG_WARN_BLOCK_CAPTURE_AUTORELEASING = YES;
				CLANG_WARN_BOOL_CONVERSION = YES;
				CLANG_WARN_COMMA = YES;
				CLANG_WARN_CONSTANT_CONVERSION = YES;
				CLANG_WARN_DEPRECATED_OBJC_IMPLEMENTATIONS = YES;
				CLANG_WARN_DIRECT_OBJC_ISA_USAGE = YES_ERROR;
				CLANG_WARN_DOCUMENTATION_COMMENTS = YES;
				CLANG_WARN_EMPTY_BODY = YES;
				CLANG_WARN_ENUM_CONVERSION = YES;
				CLANG_WARN_INFINITE_RECURSION = YES;
				CLANG_WARN_INT_CONVERSION = YES;
				CLANG_WARN_NON_LITERAL_NULL_CONVERSION = YES;
				CLANG_WARN_OBJC_IMPLICIT_RETAIN_SELF = YES;
				CLANG_WARN_OBJC_LITERAL_CONVERSION = YES;
				CLANG_WARN_OBJC_ROOT_CLASS = YES_ERROR;
				CLANG_WARN_QUOTED_INCLUDE_IN_FRAMEWORK_HEADER = YES;
				CLANG_WARN_RANGE_LOOP_ANALYSIS = YES;
				CLANG_WARN_STRICT_PROTOTYPES = YES;
				CLANG_WARN_SUSPICIOUS_MOVE = YES;
				CLANG_WARN_UNGUARDED_AVAILABILITY = YES_AGGRESSIVE;
				CLANG_WARN_UNREACHABLE_CODE = YES;
				CLANG_WARN__DUPLICATE_METHOD_MATCH = YES;
				COPY_PHASE_STRIP = NO;
				DEBUG_INFORMATION_FORMAT = "dwarf-with-dsym";
				ENABLE_NS_ASSERTIONS = NO;
				ENABLE_STRICT_OBJC_MSGSEND = YES;
				GCC_C_LANGUAGE_STANDARD = gnu11;
				GCC_NO_COMMON_BLOCKS = YES;
				GCC_WARN_64_TO_32_BIT_CONVERSION = YES;
				GCC_WARN_ABOUT_RETURN_TYPE = YES_ERROR;
				GCC_WARN_UNDECLARED_SELECTOR = YES;
				GCC_WARN_UNINITIALIZED_AUTOS = YES_AGGRESSIVE;
				GCC_WARN_UNUSED_FUNCTION = YES;
				GCC_WARN_UNUSED_VARIABLE = YES;
				IPHONEOS_DEPLOYMENT_TARGET = 15.0;
				MTL_ENABLE_DEBUG_INFO = NO;
				MTL_FAST_MATH = YES;
				SDKROOT = iphoneos;
				SWIFT_COMPILATION_MODE = wholemodule;
				SWIFT_OPTIMIZATION_LEVEL = "-O";
				VALIDATE_PRODUCT = YES;
			};
			name = Release;
		};
		29B511D727143288003E83DD /* Debug */ = {
			isa = XCBuildConfiguration;
			buildSettings = {
				ASSETCATALOG_COMPILER_APPICON_NAME = AppIcon;
				ASSETCATALOG_COMPILER_GLOBAL_ACCENT_COLOR_NAME = AccentColor;
				CODE_SIGN_STYLE = Automatic;
				CURRENT_PROJECT_VERSION = 1;
				DEVELOPMENT_TEAM = S2C79LW934;
				GENERATE_INFOPLIST_FILE = YES;
				INFOPLIST_FILE = "ConnectFour/Supporting Files/Info.plist";
				INFOPLIST_KEY_CFBundleDisplayName = "Connect Four";
				INFOPLIST_KEY_UIApplicationSupportsIndirectInputEvents = YES;
				INFOPLIST_KEY_UILaunchStoryboardName = LaunchScreen;
				INFOPLIST_KEY_UIMainStoryboardFile = Main;
				INFOPLIST_KEY_UISupportedInterfaceOrientations_iPad = "UIInterfaceOrientationPortrait UIInterfaceOrientationPortraitUpsideDown UIInterfaceOrientationLandscapeLeft UIInterfaceOrientationLandscapeRight";
				INFOPLIST_KEY_UISupportedInterfaceOrientations_iPhone = "UIInterfaceOrientationPortrait UIInterfaceOrientationLandscapeLeft UIInterfaceOrientationLandscapeRight";
				LD_RUNPATH_SEARCH_PATHS = (
					"$(inherited)",
					"@executable_path/Frameworks",
				);
				MARKETING_VERSION = 1.0;
				PRODUCT_BUNDLE_IDENTIFIER = "maikdrop.Connect-Four";
				PRODUCT_NAME = "$(TARGET_NAME)";
				SWIFT_EMIT_LOC_STRINGS = YES;
				SWIFT_VERSION = 5.0;
				TARGETED_DEVICE_FAMILY = 2;
			};
			name = Debug;
		};
		29B511D827143288003E83DD /* Release */ = {
			isa = XCBuildConfiguration;
			buildSettings = {
				ASSETCATALOG_COMPILER_APPICON_NAME = AppIcon;
				ASSETCATALOG_COMPILER_GLOBAL_ACCENT_COLOR_NAME = AccentColor;
				CODE_SIGN_STYLE = Automatic;
				CURRENT_PROJECT_VERSION = 1;
				DEVELOPMENT_TEAM = S2C79LW934;
				GENERATE_INFOPLIST_FILE = YES;
				INFOPLIST_FILE = "ConnectFour/Supporting Files/Info.plist";
				INFOPLIST_KEY_CFBundleDisplayName = "Connect Four";
				INFOPLIST_KEY_UIApplicationSupportsIndirectInputEvents = YES;
				INFOPLIST_KEY_UILaunchStoryboardName = LaunchScreen;
				INFOPLIST_KEY_UIMainStoryboardFile = Main;
				INFOPLIST_KEY_UISupportedInterfaceOrientations_iPad = "UIInterfaceOrientationPortrait UIInterfaceOrientationPortraitUpsideDown UIInterfaceOrientationLandscapeLeft UIInterfaceOrientationLandscapeRight";
				INFOPLIST_KEY_UISupportedInterfaceOrientations_iPhone = "UIInterfaceOrientationPortrait UIInterfaceOrientationLandscapeLeft UIInterfaceOrientationLandscapeRight";
				LD_RUNPATH_SEARCH_PATHS = (
					"$(inherited)",
					"@executable_path/Frameworks",
				);
				MARKETING_VERSION = 1.0;
				PRODUCT_BUNDLE_IDENTIFIER = "maikdrop.Connect-Four";
				PRODUCT_NAME = "$(TARGET_NAME)";
				SWIFT_EMIT_LOC_STRINGS = YES;
				SWIFT_VERSION = 5.0;
				TARGETED_DEVICE_FAMILY = 2;
			};
			name = Release;
		};
		29B511DA27143288003E83DD /* Debug */ = {
			isa = XCBuildConfiguration;
			buildSettings = {
				ALWAYS_EMBED_SWIFT_STANDARD_LIBRARIES = YES;
				BUNDLE_LOADER = "$(TEST_HOST)";
				CODE_SIGN_STYLE = Automatic;
				CURRENT_PROJECT_VERSION = 1;
				DEVELOPMENT_TEAM = S2C79LW934;
				GENERATE_INFOPLIST_FILE = YES;
				IPHONEOS_DEPLOYMENT_TARGET = 15.0;
				LD_RUNPATH_SEARCH_PATHS = (
					"$(inherited)",
					"@executable_path/Frameworks",
					"@loader_path/Frameworks",
				);
				MARKETING_VERSION = 1.0;
				PRODUCT_BUNDLE_IDENTIFIER = maikdrop.ConnectFourTests;
				PRODUCT_NAME = "$(TARGET_NAME)";
				SWIFT_EMIT_LOC_STRINGS = NO;
				SWIFT_VERSION = 5.0;
				TARGETED_DEVICE_FAMILY = "1,2";
				TEST_HOST = "$(BUILT_PRODUCTS_DIR)/ConnectFour.app/ConnectFour";
			};
			name = Debug;
		};
		29B511DB27143288003E83DD /* Release */ = {
			isa = XCBuildConfiguration;
			buildSettings = {
				ALWAYS_EMBED_SWIFT_STANDARD_LIBRARIES = YES;
				BUNDLE_LOADER = "$(TEST_HOST)";
				CODE_SIGN_STYLE = Automatic;
				CURRENT_PROJECT_VERSION = 1;
				DEVELOPMENT_TEAM = S2C79LW934;
				GENERATE_INFOPLIST_FILE = YES;
				IPHONEOS_DEPLOYMENT_TARGET = 15.0;
				LD_RUNPATH_SEARCH_PATHS = (
					"$(inherited)",
					"@executable_path/Frameworks",
					"@loader_path/Frameworks",
				);
				MARKETING_VERSION = 1.0;
				PRODUCT_BUNDLE_IDENTIFIER = maikdrop.ConnectFourTests;
				PRODUCT_NAME = "$(TARGET_NAME)";
				SWIFT_EMIT_LOC_STRINGS = NO;
				SWIFT_VERSION = 5.0;
				TARGETED_DEVICE_FAMILY = "1,2";
				TEST_HOST = "$(BUILT_PRODUCTS_DIR)/ConnectFour.app/ConnectFour";
			};
			name = Release;
		};
/* End XCBuildConfiguration section */

/* Begin XCConfigurationList section */
		29B511A727143287003E83DD /* Build configuration list for PBXProject "ConnectFour" */ = {
			isa = XCConfigurationList;
			buildConfigurations = (
				29B511D427143288003E83DD /* Debug */,
				29B511D527143288003E83DD /* Release */,
			);
			defaultConfigurationIsVisible = 0;
			defaultConfigurationName = Release;
		};
		29B511D627143288003E83DD /* Build configuration list for PBXNativeTarget "ConnectFour" */ = {
			isa = XCConfigurationList;
			buildConfigurations = (
				29B511D727143288003E83DD /* Debug */,
				29B511D827143288003E83DD /* Release */,
			);
			defaultConfigurationIsVisible = 0;
			defaultConfigurationName = Release;
		};
		29B511D927143288003E83DD /* Build configuration list for PBXNativeTarget "ConnectFourTests" */ = {
			isa = XCConfigurationList;
			buildConfigurations = (
				29B511DA27143288003E83DD /* Debug */,
				29B511DB27143288003E83DD /* Release */,
			);
			defaultConfigurationIsVisible = 0;
			defaultConfigurationName = Release;
		};
/* End XCConfigurationList section */
	};
	rootObject = 29B511A427143287003E83DD /* Project object */;
}
